// !$*UTF8*$!
{
	archiveVersion = 1;
	classes = {
	};
	objectVersion = 56;
	objects = {

/* Begin PBXBuildFile section */
		5B66C1422A95C19D006EEF62 /* ColorRowView.swift in Sources */ = {isa = PBXBuildFile; fileRef = 5B66C1412A95C19D006EEF62 /* ColorRowView.swift */; };
		5B66C1442A95C61C006EEF62 /* ColorDetailView.swift in Sources */ = {isa = PBXBuildFile; fileRef = 5B66C1432A95C61C006EEF62 /* ColorDetailView.swift */; };
		5B66C1482A95D346006EEF62 /* ColorCardView.swift in Sources */ = {isa = PBXBuildFile; fileRef = 5B66C1472A95D346006EEF62 /* ColorCardView.swift */; };
		5B66C14B2A95F021006EEF62 /* ColorData.csv in Resources */ = {isa = PBXBuildFile; fileRef = 5B66C14A2A95F021006EEF62 /* ColorData.csv */; };
		5B66C14D2A95F22F006EEF62 /* CSVReader.swift in Sources */ = {isa = PBXBuildFile; fileRef = 5B66C14C2A95F22F006EEF62 /* CSVReader.swift */; };
		5B66C1522A970E77006EEF62 /* TabMenuView.swift in Sources */ = {isa = PBXBuildFile; fileRef = 5B66C1512A970E77006EEF62 /* TabMenuView.swift */; };
		5B66C1542A970EA8006EEF62 /* FavoritesView.swift in Sources */ = {isa = PBXBuildFile; fileRef = 5B66C1532A970EA8006EEF62 /* FavoritesView.swift */; };
		5B66C1562A9713AC006EEF62 /* SettingsView.swift in Sources */ = {isa = PBXBuildFile; fileRef = 5B66C1552A9713AC006EEF62 /* SettingsView.swift */; };
		5B66C1582A97148E006EEF62 /* FullscreenTapView.swift in Sources */ = {isa = PBXBuildFile; fileRef = 5B66C1572A97148E006EEF62 /* FullscreenTapView.swift */; };
		5B8D47BB2A97524F00A40C1E /* ColorData.swift in Sources */ = {isa = PBXBuildFile; fileRef = 5B8D47BA2A97524F00A40C1E /* ColorData.swift */; };
		5B9F8E152A95B2C20021AD13 /* ColorsApp.swift in Sources */ = {isa = PBXBuildFile; fileRef = 5B9F8E142A95B2C20021AD13 /* ColorsApp.swift */; };
		5B9F8E172A95B2C20021AD13 /* AllColorsListView.swift in Sources */ = {isa = PBXBuildFile; fileRef = 5B9F8E162A95B2C20021AD13 /* AllColorsListView.swift */; };
		5B9F8E192A95B2C30021AD13 /* Assets.xcassets in Resources */ = {isa = PBXBuildFile; fileRef = 5B9F8E182A95B2C30021AD13 /* Assets.xcassets */; };
		5B9F8E1C2A95B2C30021AD13 /* Preview Assets.xcassets in Resources */ = {isa = PBXBuildFile; fileRef = 5B9F8E1B2A95B2C30021AD13 /* Preview Assets.xcassets */; };
		5B9F8E252A95B3220021AD13 /* ColorModel.swift in Sources */ = {isa = PBXBuildFile; fileRef = 5B9F8E242A95B3220021AD13 /* ColorModel.swift */; };
		5B9F8E272A95B3F50021AD13 /* ColorDataSample.swift in Sources */ = {isa = PBXBuildFile; fileRef = 5B9F8E262A95B3F50021AD13 /* ColorDataSample.swift */; };
		5BB35A892A9DCB30008C82AB /* SettingRowView.swift in Sources */ = {isa = PBXBuildFile; fileRef = 5BB35A882A9DCB30008C82AB /* SettingRowView.swift */; };
/* End PBXBuildFile section */

/* Begin PBXFileReference section */
		5B66C1412A95C19D006EEF62 /* ColorRowView.swift */ = {isa = PBXFileReference; lastKnownFileType = sourcecode.swift; path = ColorRowView.swift; sourceTree = "<group>"; };
		5B66C1432A95C61C006EEF62 /* ColorDetailView.swift */ = {isa = PBXFileReference; lastKnownFileType = sourcecode.swift; path = ColorDetailView.swift; sourceTree = "<group>"; };
		5B66C1472A95D346006EEF62 /* ColorCardView.swift */ = {isa = PBXFileReference; lastKnownFileType = sourcecode.swift; path = ColorCardView.swift; sourceTree = "<group>"; };
		5B66C14A2A95F021006EEF62 /* ColorData.csv */ = {isa = PBXFileReference; lastKnownFileType = text.xml; path = ColorData.csv; sourceTree = "<group>"; };
		5B66C14C2A95F22F006EEF62 /* CSVReader.swift */ = {isa = PBXFileReference; lastKnownFileType = sourcecode.swift; path = CSVReader.swift; sourceTree = "<group>"; };
		5B66C1512A970E77006EEF62 /* TabMenuView.swift */ = {isa = PBXFileReference; lastKnownFileType = sourcecode.swift; path = TabMenuView.swift; sourceTree = "<group>"; };
		5B66C1532A970EA8006EEF62 /* FavoritesView.swift */ = {isa = PBXFileReference; lastKnownFileType = sourcecode.swift; path = FavoritesView.swift; sourceTree = "<group>"; };
		5B66C1552A9713AC006EEF62 /* SettingsView.swift */ = {isa = PBXFileReference; lastKnownFileType = sourcecode.swift; path = SettingsView.swift; sourceTree = "<group>"; };
		5B66C1572A97148E006EEF62 /* FullscreenTapView.swift */ = {isa = PBXFileReference; lastKnownFileType = sourcecode.swift; path = FullscreenTapView.swift; sourceTree = "<group>"; };
		5B8D47BA2A97524F00A40C1E /* ColorData.swift */ = {isa = PBXFileReference; lastKnownFileType = sourcecode.swift; path = ColorData.swift; sourceTree = "<group>"; };
		5B9F8E112A95B2C20021AD13 /* Colors.app */ = {isa = PBXFileReference; explicitFileType = wrapper.application; includeInIndex = 0; path = Colors.app; sourceTree = BUILT_PRODUCTS_DIR; };
		5B9F8E142A95B2C20021AD13 /* ColorsApp.swift */ = {isa = PBXFileReference; lastKnownFileType = sourcecode.swift; path = ColorsApp.swift; sourceTree = "<group>"; };
		5B9F8E162A95B2C20021AD13 /* AllColorsListView.swift */ = {isa = PBXFileReference; lastKnownFileType = sourcecode.swift; path = AllColorsListView.swift; sourceTree = "<group>"; };
		5B9F8E182A95B2C30021AD13 /* Assets.xcassets */ = {isa = PBXFileReference; lastKnownFileType = folder.assetcatalog; path = Assets.xcassets; sourceTree = "<group>"; };
		5B9F8E1B2A95B2C30021AD13 /* Preview Assets.xcassets */ = {isa = PBXFileReference; lastKnownFileType = folder.assetcatalog; path = "Preview Assets.xcassets"; sourceTree = "<group>"; };
		5B9F8E242A95B3220021AD13 /* ColorModel.swift */ = {isa = PBXFileReference; lastKnownFileType = sourcecode.swift; path = ColorModel.swift; sourceTree = "<group>"; };
		5B9F8E262A95B3F50021AD13 /* ColorDataSample.swift */ = {isa = PBXFileReference; lastKnownFileType = sourcecode.swift; path = ColorDataSample.swift; sourceTree = "<group>"; };
		5BB35A882A9DCB30008C82AB /* SettingRowView.swift */ = {isa = PBXFileReference; lastKnownFileType = sourcecode.swift; path = SettingRowView.swift; sourceTree = "<group>"; };
/* End PBXFileReference section */

/* Begin PBXFrameworksBuildPhase section */
		5B9F8E0E2A95B2C20021AD13 /* Frameworks */ = {
			isa = PBXFrameworksBuildPhase;
			buildActionMask = 2147483647;
			files = (
			);
			runOnlyForDeploymentPostprocessing = 0;
		};
/* End PBXFrameworksBuildPhase section */

/* Begin PBXGroup section */
		5B66C1402A95C18A006EEF62 /* Views */ = {
			isa = PBXGroup;
			children = (
				5B66C1412A95C19D006EEF62 /* ColorRowView.swift */,
				5B66C1472A95D346006EEF62 /* ColorCardView.swift */,
				5BB35A882A9DCB30008C82AB /* SettingRowView.swift */,
			);
			path = Views;
			sourceTree = "<group>";
		};
		5B66C1492A95EFE6006EEF62 /* ReadCSV */ = {
			isa = PBXGroup;
			children = (
				5B66C14A2A95F021006EEF62 /* ColorData.csv */,
				5B66C14C2A95F22F006EEF62 /* CSVReader.swift */,
			);
			path = ReadCSV;
			sourceTree = "<group>";
		};
		5B66C14E2A962F64006EEF62 /* Utility */ = {
			isa = PBXGroup;
			children = (
			);
			path = Utility;
			sourceTree = "<group>";
		};
		5B9F8E082A95B2C20021AD13 = {
			isa = PBXGroup;
			children = (
				5B66C14E2A962F64006EEF62 /* Utility */,
				5B66C1492A95EFE6006EEF62 /* ReadCSV */,
				5B66C1402A95C18A006EEF62 /* Views */,
				5B9F8E232A95B3090021AD13 /* Data */,
				5B9F8E222A95B3040021AD13 /* Model */,
				5B9F8E132A95B2C20021AD13 /* Colors */,
				5B9F8E122A95B2C20021AD13 /* Products */,
			);
			sourceTree = "<group>";
		};
		5B9F8E122A95B2C20021AD13 /* Products */ = {
			isa = PBXGroup;
			children = (
				5B9F8E112A95B2C20021AD13 /* Colors.app */,
			);
			name = Products;
			sourceTree = "<group>";
		};
		5B9F8E132A95B2C20021AD13 /* Colors */ = {
			isa = PBXGroup;
			children = (
				5B9F8E142A95B2C20021AD13 /* ColorsApp.swift */,
				5B66C1512A970E77006EEF62 /* TabMenuView.swift */,
				5B66C1572A97148E006EEF62 /* FullscreenTapView.swift */,
				5B9F8E162A95B2C20021AD13 /* AllColorsListView.swift */,
				5B66C1532A970EA8006EEF62 /* FavoritesView.swift */,
				5B66C1552A9713AC006EEF62 /* SettingsView.swift */,
				5B66C1432A95C61C006EEF62 /* ColorDetailView.swift */,
				5B9F8E182A95B2C30021AD13 /* Assets.xcassets */,
				5B9F8E1A2A95B2C30021AD13 /* Preview Content */,
			);
			path = Colors;
			sourceTree = "<group>";
		};
		5B9F8E1A2A95B2C30021AD13 /* Preview Content */ = {
			isa = PBXGroup;
			children = (
				5B9F8E1B2A95B2C30021AD13 /* Preview Assets.xcassets */,
			);
			path = "Preview Content";
			sourceTree = "<group>";
		};
		5B9F8E222A95B3040021AD13 /* Model */ = {
			isa = PBXGroup;
			children = (
				5B9F8E242A95B3220021AD13 /* ColorModel.swift */,
			);
			path = Model;
			sourceTree = "<group>";
		};
		5B9F8E232A95B3090021AD13 /* Data */ = {
			isa = PBXGroup;
			children = (
				5B9F8E262A95B3F50021AD13 /* ColorDataSample.swift */,
				5B8D47BA2A97524F00A40C1E /* ColorData.swift */,
			);
			path = Data;
			sourceTree = "<group>";
		};
/* End PBXGroup section */

/* Begin PBXNativeTarget section */
		5B9F8E102A95B2C20021AD13 /* Colors */ = {
			isa = PBXNativeTarget;
			buildConfigurationList = 5B9F8E1F2A95B2C30021AD13 /* Build configuration list for PBXNativeTarget "Colors" */;
			buildPhases = (
				5B9F8E0D2A95B2C20021AD13 /* Sources */,
				5B9F8E0E2A95B2C20021AD13 /* Frameworks */,
				5B9F8E0F2A95B2C20021AD13 /* Resources */,
			);
			buildRules = (
			);
			dependencies = (
			);
			name = Colors;
			productName = Colors;
			productReference = 5B9F8E112A95B2C20021AD13 /* Colors.app */;
			productType = "com.apple.product-type.application";
		};
/* End PBXNativeTarget section */

/* Begin PBXProject section */
		5B9F8E092A95B2C20021AD13 /* Project object */ = {
			isa = PBXProject;
			attributes = {
				BuildIndependentTargetsInParallel = 1;
				LastSwiftUpdateCheck = 1430;
				LastUpgradeCheck = 1430;
				TargetAttributes = {
					5B9F8E102A95B2C20021AD13 = {
						CreatedOnToolsVersion = 14.3.1;
					};
				};
			};
			buildConfigurationList = 5B9F8E0C2A95B2C20021AD13 /* Build configuration list for PBXProject "Colors" */;
			compatibilityVersion = "Xcode 14.0";
			developmentRegion = en;
			hasScannedForEncodings = 0;
			knownRegions = (
				en,
				Base,
			);
			mainGroup = 5B9F8E082A95B2C20021AD13;
			productRefGroup = 5B9F8E122A95B2C20021AD13 /* Products */;
			projectDirPath = "";
			projectRoot = "";
			targets = (
				5B9F8E102A95B2C20021AD13 /* Colors */,
			);
		};
/* End PBXProject section */

/* Begin PBXResourcesBuildPhase section */
		5B9F8E0F2A95B2C20021AD13 /* Resources */ = {
			isa = PBXResourcesBuildPhase;
			buildActionMask = 2147483647;
			files = (
				5B66C14B2A95F021006EEF62 /* ColorData.csv in Resources */,
				5B9F8E1C2A95B2C30021AD13 /* Preview Assets.xcassets in Resources */,
				5B9F8E192A95B2C30021AD13 /* Assets.xcassets in Resources */,
			);
			runOnlyForDeploymentPostprocessing = 0;
		};
/* End PBXResourcesBuildPhase section */

/* Begin PBXSourcesBuildPhase section */
		5B9F8E0D2A95B2C20021AD13 /* Sources */ = {
			isa = PBXSourcesBuildPhase;
			buildActionMask = 2147483647;
			files = (
				5B66C1522A970E77006EEF62 /* TabMenuView.swift in Sources */,
				5B8D47BB2A97524F00A40C1E /* ColorData.swift in Sources */,
				5BB35A892A9DCB30008C82AB /* SettingRowView.swift in Sources */,
				5B66C1422A95C19D006EEF62 /* ColorRowView.swift in Sources */,
				5B66C1442A95C61C006EEF62 /* ColorDetailView.swift in Sources */,
				5B66C1482A95D346006EEF62 /* ColorCardView.swift in Sources */,
				5B9F8E172A95B2C20021AD13 /* AllColorsListView.swift in Sources */,
				5B66C14D2A95F22F006EEF62 /* CSVReader.swift in Sources */,
				5B66C1542A970EA8006EEF62 /* FavoritesView.swift in Sources */,
				5B66C1582A97148E006EEF62 /* FullscreenTapView.swift in Sources */,
				5B9F8E272A95B3F50021AD13 /* ColorDataSample.swift in Sources */,
				5B9F8E152A95B2C20021AD13 /* ColorsApp.swift in Sources */,
				5B9F8E252A95B3220021AD13 /* ColorModel.swift in Sources */,
				5B66C1562A9713AC006EEF62 /* SettingsView.swift in Sources */,
			);
			runOnlyForDeploymentPostprocessing = 0;
		};
/* End PBXSourcesBuildPhase section */

/* Begin XCBuildConfiguration section */
		5B9F8E1D2A95B2C30021AD13 /* Debug */ = {
			isa = XCBuildConfiguration;
			buildSettings = {
				ALWAYS_SEARCH_USER_PATHS = NO;
				CLANG_ANALYZER_NONNULL = YES;
				CLANG_ANALYZER_NUMBER_OBJECT_CONVERSION = YES_AGGRESSIVE;
				CLANG_CXX_LANGUAGE_STANDARD = "gnu++20";
				CLANG_ENABLE_MODULES = YES;
				CLANG_ENABLE_OBJC_ARC = YES;
				CLANG_ENABLE_OBJC_WEAK = YES;
				CLANG_WARN_BLOCK_CAPTURE_AUTORELEASING = YES;
				CLANG_WARN_BOOL_CONVERSION = YES;
				CLANG_WARN_COMMA = YES;
				CLANG_WARN_CONSTANT_CONVERSION = YES;
				CLANG_WARN_DEPRECATED_OBJC_IMPLEMENTATIONS = YES;
				CLANG_WARN_DIRECT_OBJC_ISA_USAGE = YES_ERROR;
				CLANG_WARN_DOCUMENTATION_COMMENTS = YES;
				CLANG_WARN_EMPTY_BODY = YES;
				CLANG_WARN_ENUM_CONVERSION = YES;
				CLANG_WARN_INFINITE_RECURSION = YES;
				CLANG_WARN_INT_CONVERSION = YES;
				CLANG_WARN_NON_LITERAL_NULL_CONVERSION = YES;
				CLANG_WARN_OBJC_IMPLICIT_RETAIN_SELF = YES;
				CLANG_WARN_OBJC_LITERAL_CONVERSION = YES;
				CLANG_WARN_OBJC_ROOT_CLASS = YES_ERROR;
				CLANG_WARN_QUOTED_INCLUDE_IN_FRAMEWORK_HEADER = YES;
				CLANG_WARN_RANGE_LOOP_ANALYSIS = YES;
				CLANG_WARN_STRICT_PROTOTYPES = YES;
				CLANG_WARN_SUSPICIOUS_MOVE = YES;
				CLANG_WARN_UNGUARDED_AVAILABILITY = YES_AGGRESSIVE;
				CLANG_WARN_UNREACHABLE_CODE = YES;
				CLANG_WARN__DUPLICATE_METHOD_MATCH = YES;
				COPY_PHASE_STRIP = NO;
				DEBUG_INFORMATION_FORMAT = dwarf;
				ENABLE_STRICT_OBJC_MSGSEND = YES;
				ENABLE_TESTABILITY = YES;
				GCC_C_LANGUAGE_STANDARD = gnu11;
				GCC_DYNAMIC_NO_PIC = NO;
				GCC_NO_COMMON_BLOCKS = YES;
				GCC_OPTIMIZATION_LEVEL = 0;
				GCC_PREPROCESSOR_DEFINITIONS = (
					"DEBUG=1",
					"$(inherited)",
				);
				GCC_WARN_64_TO_32_BIT_CONVERSION = YES;
				GCC_WARN_ABOUT_RETURN_TYPE = YES_ERROR;
				GCC_WARN_UNDECLARED_SELECTOR = YES;
				GCC_WARN_UNINITIALIZED_AUTOS = YES_AGGRESSIVE;
				GCC_WARN_UNUSED_FUNCTION = YES;
				GCC_WARN_UNUSED_VARIABLE = YES;
				IPHONEOS_DEPLOYMENT_TARGET = 16.4;
				MTL_ENABLE_DEBUG_INFO = INCLUDE_SOURCE;
				MTL_FAST_MATH = YES;
				ONLY_ACTIVE_ARCH = YES;
				SDKROOT = iphoneos;
				SWIFT_ACTIVE_COMPILATION_CONDITIONS = DEBUG;
				SWIFT_OPTIMIZATION_LEVEL = "-Onone";
			};
			name = Debug;
		};
		5B9F8E1E2A95B2C30021AD13 /* Release */ = {
			isa = XCBuildConfiguration;
			buildSettings = {
				ALWAYS_SEARCH_USER_PATHS = NO;
				CLANG_ANALYZER_NONNULL = YES;
				CLANG_ANALYZER_NUMBER_OBJECT_CONVERSION = YES_AGGRESSIVE;
				CLANG_CXX_LANGUAGE_STANDARD = "gnu++20";
				CLANG_ENABLE_MODULES = YES;
				CLANG_ENABLE_OBJC_ARC = YES;
				CLANG_ENABLE_OBJC_WEAK = YES;
				CLANG_WARN_BLOCK_CAPTURE_AUTORELEASING = YES;
				CLANG_WARN_BOOL_CONVERSION = YES;
				CLANG_WARN_COMMA = YES;
				CLANG_WARN_CONSTANT_CONVERSION = YES;
				CLANG_WARN_DEPRECATED_OBJC_IMPLEMENTATIONS = YES;
				CLANG_WARN_DIRECT_OBJC_ISA_USAGE = YES_ERROR;
				CLANG_WARN_DOCUMENTATION_COMMENTS = YES;
				CLANG_WARN_EMPTY_BODY = YES;
				CLANG_WARN_ENUM_CONVERSION = YES;
				CLANG_WARN_INFINITE_RECURSION = YES;
				CLANG_WARN_INT_CONVERSION = YES;
				CLANG_WARN_NON_LITERAL_NULL_CONVERSION = YES;
				CLANG_WARN_OBJC_IMPLICIT_RETAIN_SELF = YES;
				CLANG_WARN_OBJC_LITERAL_CONVERSION = YES;
				CLANG_WARN_OBJC_ROOT_CLASS = YES_ERROR;
				CLANG_WARN_QUOTED_INCLUDE_IN_FRAMEWORK_HEADER = YES;
				CLANG_WARN_RANGE_LOOP_ANALYSIS = YES;
				CLANG_WARN_STRICT_PROTOTYPES = YES;
				CLANG_WARN_SUSPICIOUS_MOVE = YES;
				CLANG_WARN_UNGUARDED_AVAILABILITY = YES_AGGRESSIVE;
				CLANG_WARN_UNREACHABLE_CODE = YES;
				CLANG_WARN__DUPLICATE_METHOD_MATCH = YES;
				COPY_PHASE_STRIP = NO;
				DEBUG_INFORMATION_FORMAT = "dwarf-with-dsym";
				ENABLE_NS_ASSERTIONS = NO;
				ENABLE_STRICT_OBJC_MSGSEND = YES;
				GCC_C_LANGUAGE_STANDARD = gnu11;
				GCC_NO_COMMON_BLOCKS = YES;
				GCC_WARN_64_TO_32_BIT_CONVERSION = YES;
				GCC_WARN_ABOUT_RETURN_TYPE = YES_ERROR;
				GCC_WARN_UNDECLARED_SELECTOR = YES;
				GCC_WARN_UNINITIALIZED_AUTOS = YES_AGGRESSIVE;
				GCC_WARN_UNUSED_FUNCTION = YES;
				GCC_WARN_UNUSED_VARIABLE = YES;
				IPHONEOS_DEPLOYMENT_TARGET = 16.4;
				MTL_ENABLE_DEBUG_INFO = NO;
				MTL_FAST_MATH = YES;
				SDKROOT = iphoneos;
				SWIFT_COMPILATION_MODE = wholemodule;
				SWIFT_OPTIMIZATION_LEVEL = "-O";
				VALIDATE_PRODUCT = YES;
			};
			name = Release;
		};
		5B9F8E202A95B2C30021AD13 /* Debug */ = {
			isa = XCBuildConfiguration;
			buildSettings = {
				ASSETCATALOG_COMPILER_APPICON_NAME = AppIcon;
				ASSETCATALOG_COMPILER_GLOBAL_ACCENT_COLOR_NAME = AccentColor;
				CODE_SIGN_STYLE = Automatic;
				CURRENT_PROJECT_VERSION = 1;
				DEVELOPMENT_ASSET_PATHS = "\"Colors/Preview Content\"";
				DEVELOPMENT_TEAM = C442DG29M4;
				ENABLE_PREVIEWS = YES;
				GENERATE_INFOPLIST_FILE = YES;
				INFOPLIST_KEY_UIApplicationSceneManifest_Generation = YES;
				INFOPLIST_KEY_UIApplicationSupportsIndirectInputEvents = YES;
				INFOPLIST_KEY_UILaunchScreen_Generation = YES;
				INFOPLIST_KEY_UISupportedInterfaceOrientations_iPad = "UIInterfaceOrientationPortrait UIInterfaceOrientationPortraitUpsideDown UIInterfaceOrientationLandscapeLeft UIInterfaceOrientationLandscapeRight";
				INFOPLIST_KEY_UISupportedInterfaceOrientations_iPhone = "UIInterfaceOrientationPortrait UIInterfaceOrientationLandscapeLeft UIInterfaceOrientationLandscapeRight";
				INFOPLIST_KEY_UIUserInterfaceStyle = Light;
				LD_RUNPATH_SEARCH_PATHS = (
					"$(inherited)",
					"@executable_path/Frameworks",
				);
				MARKETING_VERSION = 1.0;
				PRODUCT_BUNDLE_IDENTIFIER = com.kubomi.Colors;
				PRODUCT_NAME = "$(TARGET_NAME)";
				SWIFT_EMIT_LOC_STRINGS = YES;
				SWIFT_VERSION = 5.0;
				TARGETED_DEVICE_FAMILY = "1,2";
			};
			name = Debug;
		};
		5B9F8E212A95B2C30021AD13 /* Release */ = {
			isa = XCBuildConfiguration;
			buildSettings = {
				ASSETCATALOG_COMPILER_APPICON_NAME = AppIcon;
				ASSETCATALOG_COMPILER_GLOBAL_ACCENT_COLOR_NAME = AccentColor;
				CODE_SIGN_STYLE = Automatic;
				CURRENT_PROJECT_VERSION = 1;
				DEVELOPMENT_ASSET_PATHS = "\"Colors/Preview Content\"";
				DEVELOPMENT_TEAM = C442DG29M4;
				ENABLE_PREVIEWS = YES;
				GENERATE_INFOPLIST_FILE = YES;
				INFOPLIST_KEY_UIApplicationSceneManifest_Generation = YES;
				INFOPLIST_KEY_UIApplicationSupportsIndirectInputEvents = YES;
				INFOPLIST_KEY_UILaunchScreen_Generation = YES;
				INFOPLIST_KEY_UISupportedInterfaceOrientations_iPad = "UIInterfaceOrientationPortrait UIInterfaceOrientationPortraitUpsideDown UIInterfaceOrientationLandscapeLeft UIInterfaceOrientationLandscapeRight";
				INFOPLIST_KEY_UISupportedInterfaceOrientations_iPhone = "UIInterfaceOrientationPortrait UIInterfaceOrientationLandscapeLeft UIInterfaceOrientationLandscapeRight";
				INFOPLIST_KEY_UIUserInterfaceStyle = Light;
				LD_RUNPATH_SEARCH_PATHS = (
					"$(inherited)",
					"@executable_path/Frameworks",
				);
				MARKETING_VERSION = 1.0;
				PRODUCT_BUNDLE_IDENTIFIER = com.kubomi.Colors;
				PRODUCT_NAME = "$(TARGET_NAME)";
				SWIFT_EMIT_LOC_STRINGS = YES;
				SWIFT_VERSION = 5.0;
				TARGETED_DEVICE_FAMILY = "1,2";
			};
			name = Release;
		};
/* End XCBuildConfiguration section */

/* Begin XCConfigurationList section */
		5B9F8E0C2A95B2C20021AD13 /* Build configuration list for PBXProject "Colors" */ = {
			isa = XCConfigurationList;
			buildConfigurations = (
				5B9F8E1D2A95B2C30021AD13 /* Debug */,
				5B9F8E1E2A95B2C30021AD13 /* Release */,
			);
			defaultConfigurationIsVisible = 0;
			defaultConfigurationName = Release;
		};
		5B9F8E1F2A95B2C30021AD13 /* Build configuration list for PBXNativeTarget "Colors" */ = {
			isa = XCConfigurationList;
			buildConfigurations = (
				5B9F8E202A95B2C30021AD13 /* Debug */,
				5B9F8E212A95B2C30021AD13 /* Release */,
			);
			defaultConfigurationIsVisible = 0;
			defaultConfigurationName = Release;
		};
/* End XCConfigurationList section */
	};
	rootObject = 5B9F8E092A95B2C20021AD13 /* Project object */;
}
